
Microsoft Visual Studio Solution File, Format Version 12.00
# Visual Studio Version 16
VisualStudioVersion = 16.0.30225.117
MinimumVisualStudioVersion = 10.0.40219.1
Project("{2150E333-8FDC-42A3-9474-1A3956D46DE8}") = "Unit01", "Unit01", "{25A88954-FA9E-4981-8C7F-6F03EE4B52A5}"
EndProject
Project("{8BC9CEB8-8B4A-11D0-8D11-00A0C91BC942}") = "StructPoint3d", "..\StructPoint3d\StructPoint3d.vcxproj", "{BB7F11E9-0C05-40AD-A94B-A9C990A3FA1D}"
EndProject
Project("{8BC9CEB8-8B4A-11D0-8D11-00A0C91BC942}") = "Point", "Point\Point.vcxproj", "{CC26AE8B-CA11-45EA-9F78-F56739449833}"
EndProject
Project("{8BC9CEB8-8B4A-11D0-8D11-00A0C91BC942}") = "ZooAnimal", "ZooAnimal\ZooAnimal.vcxproj", "{34CE8C1B-C81F-4E06-924F-93F430F44C40}"
EndProject
Project("{2150E333-8FDC-42A3-9474-1A3956D46DE8}") = "Unit02", "Unit02", "{50D63647-91A9-400E-987B-B524308FD04F}"
EndProject
Project("{8BC9CEB8-8B4A-11D0-8D11-00A0C91BC942}") = "Foo", "Foo\Foo.vcxproj", "{8B683A8A-3D78-4887-8B60-D31C5E86808F}"
EndProject
Project("{2150E333-8FDC-42A3-9474-1A3956D46DE8}") = "Unit07", "Unit07", "{BAED33A6-A097-4745-8CC7-64FB59DAB3C9}"
EndProject
Project("{8BC9CEB8-8B4A-11D0-8D11-00A0C91BC942}") = "T_Point", "T_Point\T_Point.vcxproj", "{E79810A1-6117-455F-A6D8-BFD7EDC9688C}"
EndProject
Project("{8BC9CEB8-8B4A-11D0-8D11-00A0C91BC942}") = "T_Foo", "T_Foo\T_Foo.vcxproj", "{183671C1-11A6-4990-A590-9CAAA5DA87D8}"
EndProject
Project("{8BC9CEB8-8B4A-11D0-8D11-00A0C91BC942}") = "ScopeRules", "ScopeRules\ScopeRules.vcxproj", "{D6C9CF07-E134-429C-AC3D-D4CDFA8FDB13}"
EndProject
Project("{8BC9CEB8-8B4A-11D0-8D11-00A0C91BC942}") = "Exception", "Exception\Exception.vcxproj", "{461B62B0-E993-4CD2-949D-EF1BB7564A7D}"
EndProject
Project("{8BC9CEB8-8B4A-11D0-8D11-00A0C91BC942}") = "TypeInfo", "Type\Type.vcxproj", "{3C40E1E5-64B5-4520-A1B1-1A394168C853}"
EndProject
Project("{8BC9CEB8-8B4A-11D0-8D11-00A0C91BC942}") = "MemberClassObject", "MemberClassObject\MemberClassObject.vcxproj", "{1832A5AB-1589-4A04-9BE5-596852C5FA90}"
EndProject
Project("{8BC9CEB8-8B4A-11D0-8D11-00A0C91BC942}") = "BaseClass", "BaseClass\BaseClass.vcxproj", "{704F0E93-8689-4EF1-B568-99603C84103F}"
EndProject
Project("{8BC9CEB8-8B4A-11D0-8D11-00A0C91BC942}") = "VirtualFuntionClass", "VirtualFuntionClass\VirtualFuntionClass.vcxproj", "{1BFF5907-8A31-4AA8-B444-A0A657A5AA3D}"
EndProject
Project("{8BC9CEB8-8B4A-11D0-8D11-00A0C91BC942}") = "VritualBaseClass", "VritualBaseClass\VritualBaseClass.vcxproj", "{31746F52-A9E1-4FBB-A5F0-486A3F4402E2}"
EndProject
Project("{2150E333-8FDC-42A3-9474-1A3956D46DE8}") = "DefaultConstructor", "DefaultConstructor", "{6F526F7C-3B5A-4E00-B638-00EFDE7FA8C0}"
EndProject
Project("{2150E333-8FDC-42A3-9474-1A3956D46DE8}") = "CopyConstructor", "CopyConstructor", "{CF36E356-D87C-4595-8667-05F794FE7208}"
EndProject
Project("{8BC9CEB8-8B4A-11D0-8D11-00A0C91BC942}") = "DefaultMemberwiseInitialization", "DefaultMemberwiseInitialization\DefaultMemberwiseInitialization.vcxproj", "{99595DF6-C0A6-4828-928E-5939B0A02E7D}"
EndProject
Project("{8BC9CEB8-8B4A-11D0-8D11-00A0C91BC942}") = "BitwiseCopySemantics", "BitwiseCopySemantics\BitwiseCopySemantics.vcxproj", "{BE077B81-3767-47C0-A46F-0D4EAEA0263D}"
EndProject
Project("{8BC9CEB8-8B4A-11D0-8D11-00A0C91BC942}") = "VirtualTable", "VirtualTable\VirtualTable.vcxproj", "{2498DEBC-AB90-4DED-B20F-4DE84EA41CCA}"
EndProject
Project("{8BC9CEB8-8B4A-11D0-8D11-00A0C91BC942}") = "ThreeKind", "ThreeKind\ThreeKind.vcxproj", "{7C7C15AE-7DDB-4CB1-A7E9-272DC505F18D}"
EndProject
Project("{8BC9CEB8-8B4A-11D0-8D11-00A0C91BC942}") = "VirtualBaseClassSubobject", "VirtualBaseClassSubobject\VirtualBaseClassSubobject.vcxproj", "{23D18646-CC26-4D75-A9CC-6970C5F2FC7A}"
EndProject
Project("{8BC9CEB8-8B4A-11D0-8D11-00A0C91BC942}") = "Explicit Initialization", "ProgramTransformationSemantics\ProgramTransformationSemantics.vcxproj", "{8DBE7665-41A6-49C7-8607-12071645A49C}"
EndProject
Project("{2150E333-8FDC-42A3-9474-1A3956D46DE8}") = "ProgramTransformationSemantics", "ProgramTransformationSemantics", "{86D70450-0FBF-4076-873E-9D3C69106F38}"
EndProject
Project("{8BC9CEB8-8B4A-11D0-8D11-00A0C91BC942}") = "argumentInitialization", "argumentInitialization\argumentInitialization.vcxproj", "{799AED4B-5EA9-4F05-8194-02327335D77B}"
EndProject
Project("{8BC9CEB8-8B4A-11D0-8D11-00A0C91BC942}") = "returnValueInitialization", "returnValueInitialization\returnValueInitialization.vcxproj", "{42D98D57-0D21-49C4-826D-CAE136F5A748}"
EndProject
Project("{8BC9CEB8-8B4A-11D0-8D11-00A0C91BC942}") = "optimizationAtTheCompilerLevel", "optimizationAtTheUserLevel\optimizationAtTheUserLevel.vcxproj", "{535349ED-1986-49C2-868A-31B8C2A56C83}"
EndProject
Project("{8BC9CEB8-8B4A-11D0-8D11-00A0C91BC942}") = "memberInitializationList", "memberInitializationList\memberInitializationList.vcxproj", "{CA016010-4D4C-4048-B6A6-BE5598640A2A}"
EndProject
Project("{2150E333-8FDC-42A3-9474-1A3956D46DE8}") = "Unit03", "Unit03", "{EA1DE888-5795-4852-A233-D5B4AA109A07}"
EndProject
Project("{8BC9CEB8-8B4A-11D0-8D11-00A0C91BC942}") = "theSemanticsOfData", "theSemanticsOfData\theSemanticsOfData.vcxproj", "{3BA4CC95-C7F9-43E4-BA45-EB90614275F6}"
EndProject
Project("{8BC9CEB8-8B4A-11D0-8D11-00A0C91BC942}") = "theBindingOfaDataMember", "theBindingOfaDataMember\theBindingOfaDataMember.vcxproj", "{B56A368D-79FC-4C2C-A191-E769785EB403}"
EndProject
Project("{2150E333-8FDC-42A3-9474-1A3956D46DE8}") = "DataMember", "DataMember", "{DF1559B0-63C1-4317-A180-60B58AC54D59}"
EndProject
Project("{8BC9CEB8-8B4A-11D0-8D11-00A0C91BC942}") = "InheritanceWithoutPolymorphism", "InheritanceWithoutPolymorphism\InheritanceWithoutPolymorphism.vcxproj", "{96E7C976-601E-47F3-BD59-31A432B56F99}"
EndProject
Project("{8BC9CEB8-8B4A-11D0-8D11-00A0C91BC942}") = "Adding Polymorphism", "Adding Polymorphism\Adding Polymorphism.vcxproj", "{5BE660A9-8781-4868-943E-5D931558ECD5}"
EndProject
Project("{8BC9CEB8-8B4A-11D0-8D11-00A0C91BC942}") = "MultipleInheritance", "MultipleInheritance\MultipleInheritance.vcxproj", "{2E0A6515-6669-4376-93A0-A11E601CED01}"
EndProject
Project("{8BC9CEB8-8B4A-11D0-8D11-00A0C91BC942}") = "VirtualInheritance", "VirtualInheritance\VirtualInheritance.vcxproj", "{212DD33C-8893-4797-A987-F6B4213702AE}"
EndProject
Project("{2150E333-8FDC-42A3-9474-1A3956D46DE8}") = "PointerToDataMember", "PointerToDataMember", "{876D925A-9382-4329-B961-9F5912A74868}"
EndProject
Project("{8BC9CEB8-8B4A-11D0-8D11-00A0C91BC942}") = "pointerToDataMember", "pointerToDataMember\pointerToDataMember.vcxproj", "{331BED92-46DB-4661-B126-E2F492E831CC}"
EndProject
Project("{8BC9CEB8-8B4A-11D0-8D11-00A0C91BC942}") = "PointerToDataMember1", "PointerToDataMember1\PointerToDataMember1.vcxproj", "{361CDF4D-1274-4431-A2FD-2E3CD87139FF}"
EndProject
Project("{2150E333-8FDC-42A3-9474-1A3956D46DE8}") = "Unit04", "Unit04", "{18D29583-EEAC-46E8-B9F1-A7221D9A410E}"
EndProject
Project("{8BC9CEB8-8B4A-11D0-8D11-00A0C91BC942}") = "TheSemanticsOfFunction", "TheSemanticsOfFunction\TheSemanticsOfFunction.vcxproj", "{DB816DE8-F92A-4F12-9454-AEA38C47AE00}"
EndProject
Project("{2150E333-8FDC-42A3-9474-1A3956D46DE8}") = "Unit05", "Unit05", "{D05A0237-5486-4173-BCF9-D75F7D69E8FB}"
EndProject
Global
	GlobalSection(SolutionConfigurationPlatforms) = preSolution
		Debug|x64 = Debug|x64
		Debug|x86 = Debug|x86
		Release|x64 = Release|x64
		Release|x86 = Release|x86
	EndGlobalSection
	GlobalSection(ProjectConfigurationPlatforms) = postSolution
		{BB7F11E9-0C05-40AD-A94B-A9C990A3FA1D}.Debug|x64.ActiveCfg = Debug|x64
		{BB7F11E9-0C05-40AD-A94B-A9C990A3FA1D}.Debug|x64.Build.0 = Debug|x64
		{BB7F11E9-0C05-40AD-A94B-A9C990A3FA1D}.Debug|x86.ActiveCfg = Debug|Win32
		{BB7F11E9-0C05-40AD-A94B-A9C990A3FA1D}.Debug|x86.Build.0 = Debug|Win32
		{BB7F11E9-0C05-40AD-A94B-A9C990A3FA1D}.Release|x64.ActiveCfg = Release|x64
		{BB7F11E9-0C05-40AD-A94B-A9C990A3FA1D}.Release|x64.Build.0 = Release|x64
		{BB7F11E9-0C05-40AD-A94B-A9C990A3FA1D}.Release|x86.ActiveCfg = Release|Win32
		{BB7F11E9-0C05-40AD-A94B-A9C990A3FA1D}.Release|x86.Build.0 = Release|Win32
		{CC26AE8B-CA11-45EA-9F78-F56739449833}.Debug|x64.ActiveCfg = Debug|x64
		{CC26AE8B-CA11-45EA-9F78-F56739449833}.Debug|x64.Build.0 = Debug|x64
		{CC26AE8B-CA11-45EA-9F78-F56739449833}.Debug|x86.ActiveCfg = Debug|Win32
		{CC26AE8B-CA11-45EA-9F78-F56739449833}.Debug|x86.Build.0 = Debug|Win32
		{CC26AE8B-CA11-45EA-9F78-F56739449833}.Release|x64.ActiveCfg = Release|x64
		{CC26AE8B-CA11-45EA-9F78-F56739449833}.Release|x64.Build.0 = Release|x64
		{CC26AE8B-CA11-45EA-9F78-F56739449833}.Release|x86.ActiveCfg = Release|Win32
		{CC26AE8B-CA11-45EA-9F78-F56739449833}.Release|x86.Build.0 = Release|Win32
		{34CE8C1B-C81F-4E06-924F-93F430F44C40}.Debug|x64.ActiveCfg = Debug|x64
		{34CE8C1B-C81F-4E06-924F-93F430F44C40}.Debug|x64.Build.0 = Debug|x64
		{34CE8C1B-C81F-4E06-924F-93F430F44C40}.Debug|x86.ActiveCfg = Debug|Win32
		{34CE8C1B-C81F-4E06-924F-93F430F44C40}.Debug|x86.Build.0 = Debug|Win32
		{34CE8C1B-C81F-4E06-924F-93F430F44C40}.Release|x64.ActiveCfg = Release|x64
		{34CE8C1B-C81F-4E06-924F-93F430F44C40}.Release|x64.Build.0 = Release|x64
		{34CE8C1B-C81F-4E06-924F-93F430F44C40}.Release|x86.ActiveCfg = Release|Win32
		{34CE8C1B-C81F-4E06-924F-93F430F44C40}.Release|x86.Build.0 = Release|Win32
		{8B683A8A-3D78-4887-8B60-D31C5E86808F}.Debug|x64.ActiveCfg = Debug|x64
		{8B683A8A-3D78-4887-8B60-D31C5E86808F}.Debug|x64.Build.0 = Debug|x64
		{8B683A8A-3D78-4887-8B60-D31C5E86808F}.Debug|x86.ActiveCfg = Debug|Win32
		{8B683A8A-3D78-4887-8B60-D31C5E86808F}.Debug|x86.Build.0 = Debug|Win32
		{8B683A8A-3D78-4887-8B60-D31C5E86808F}.Release|x64.ActiveCfg = Release|x64
		{8B683A8A-3D78-4887-8B60-D31C5E86808F}.Release|x64.Build.0 = Release|x64
		{8B683A8A-3D78-4887-8B60-D31C5E86808F}.Release|x86.ActiveCfg = Release|Win32
		{8B683A8A-3D78-4887-8B60-D31C5E86808F}.Release|x86.Build.0 = Release|Win32
		{E79810A1-6117-455F-A6D8-BFD7EDC9688C}.Debug|x64.ActiveCfg = Debug|x64
		{E79810A1-6117-455F-A6D8-BFD7EDC9688C}.Debug|x64.Build.0 = Debug|x64
		{E79810A1-6117-455F-A6D8-BFD7EDC9688C}.Debug|x86.ActiveCfg = Debug|Win32
		{E79810A1-6117-455F-A6D8-BFD7EDC9688C}.Debug|x86.Build.0 = Debug|Win32
		{E79810A1-6117-455F-A6D8-BFD7EDC9688C}.Release|x64.ActiveCfg = Release|x64
		{E79810A1-6117-455F-A6D8-BFD7EDC9688C}.Release|x64.Build.0 = Release|x64
		{E79810A1-6117-455F-A6D8-BFD7EDC9688C}.Release|x86.ActiveCfg = Release|Win32
		{E79810A1-6117-455F-A6D8-BFD7EDC9688C}.Release|x86.Build.0 = Release|Win32
		{183671C1-11A6-4990-A590-9CAAA5DA87D8}.Debug|x64.ActiveCfg = Debug|x64
		{183671C1-11A6-4990-A590-9CAAA5DA87D8}.Debug|x64.Build.0 = Debug|x64
		{183671C1-11A6-4990-A590-9CAAA5DA87D8}.Debug|x86.ActiveCfg = Debug|Win32
		{183671C1-11A6-4990-A590-9CAAA5DA87D8}.Debug|x86.Build.0 = Debug|Win32
		{183671C1-11A6-4990-A590-9CAAA5DA87D8}.Release|x64.ActiveCfg = Release|x64
		{183671C1-11A6-4990-A590-9CAAA5DA87D8}.Release|x64.Build.0 = Release|x64
		{183671C1-11A6-4990-A590-9CAAA5DA87D8}.Release|x86.ActiveCfg = Release|Win32
		{183671C1-11A6-4990-A590-9CAAA5DA87D8}.Release|x86.Build.0 = Release|Win32
		{D6C9CF07-E134-429C-AC3D-D4CDFA8FDB13}.Debug|x64.ActiveCfg = Debug|x64
		{D6C9CF07-E134-429C-AC3D-D4CDFA8FDB13}.Debug|x64.Build.0 = Debug|x64
		{D6C9CF07-E134-429C-AC3D-D4CDFA8FDB13}.Debug|x86.ActiveCfg = Debug|Win32
		{D6C9CF07-E134-429C-AC3D-D4CDFA8FDB13}.Debug|x86.Build.0 = Debug|Win32
		{D6C9CF07-E134-429C-AC3D-D4CDFA8FDB13}.Release|x64.ActiveCfg = Release|x64
		{D6C9CF07-E134-429C-AC3D-D4CDFA8FDB13}.Release|x64.Build.0 = Release|x64
		{D6C9CF07-E134-429C-AC3D-D4CDFA8FDB13}.Release|x86.ActiveCfg = Release|Win32
		{D6C9CF07-E134-429C-AC3D-D4CDFA8FDB13}.Release|x86.Build.0 = Release|Win32
		{461B62B0-E993-4CD2-949D-EF1BB7564A7D}.Debug|x64.ActiveCfg = Debug|x64
		{461B62B0-E993-4CD2-949D-EF1BB7564A7D}.Debug|x64.Build.0 = Debug|x64
		{461B62B0-E993-4CD2-949D-EF1BB7564A7D}.Debug|x86.ActiveCfg = Debug|Win32
		{461B62B0-E993-4CD2-949D-EF1BB7564A7D}.Debug|x86.Build.0 = Debug|Win32
		{461B62B0-E993-4CD2-949D-EF1BB7564A7D}.Release|x64.ActiveCfg = Release|x64
		{461B62B0-E993-4CD2-949D-EF1BB7564A7D}.Release|x64.Build.0 = Release|x64
		{461B62B0-E993-4CD2-949D-EF1BB7564A7D}.Release|x86.ActiveCfg = Release|Win32
		{461B62B0-E993-4CD2-949D-EF1BB7564A7D}.Release|x86.Build.0 = Release|Win32
		{3C40E1E5-64B5-4520-A1B1-1A394168C853}.Debug|x64.ActiveCfg = Debug|x64
		{3C40E1E5-64B5-4520-A1B1-1A394168C853}.Debug|x64.Build.0 = Debug|x64
		{3C40E1E5-64B5-4520-A1B1-1A394168C853}.Debug|x86.ActiveCfg = Debug|Win32
		{3C40E1E5-64B5-4520-A1B1-1A394168C853}.Debug|x86.Build.0 = Debug|Win32
		{3C40E1E5-64B5-4520-A1B1-1A394168C853}.Release|x64.ActiveCfg = Release|x64
		{3C40E1E5-64B5-4520-A1B1-1A394168C853}.Release|x64.Build.0 = Release|x64
		{3C40E1E5-64B5-4520-A1B1-1A394168C853}.Release|x86.ActiveCfg = Release|Win32
		{3C40E1E5-64B5-4520-A1B1-1A394168C853}.Release|x86.Build.0 = Release|Win32
		{1832A5AB-1589-4A04-9BE5-596852C5FA90}.Debug|x64.ActiveCfg = Debug|x64
		{1832A5AB-1589-4A04-9BE5-596852C5FA90}.Debug|x64.Build.0 = Debug|x64
		{1832A5AB-1589-4A04-9BE5-596852C5FA90}.Debug|x86.ActiveCfg = Debug|Win32
		{1832A5AB-1589-4A04-9BE5-596852C5FA90}.Debug|x86.Build.0 = Debug|Win32
		{1832A5AB-1589-4A04-9BE5-596852C5FA90}.Release|x64.ActiveCfg = Release|x64
		{1832A5AB-1589-4A04-9BE5-596852C5FA90}.Release|x64.Build.0 = Release|x64
		{1832A5AB-1589-4A04-9BE5-596852C5FA90}.Release|x86.ActiveCfg = Release|Win32
		{1832A5AB-1589-4A04-9BE5-596852C5FA90}.Release|x86.Build.0 = Release|Win32
		{704F0E93-8689-4EF1-B568-99603C84103F}.Debug|x64.ActiveCfg = Debug|x64
		{704F0E93-8689-4EF1-B568-99603C84103F}.Debug|x64.Build.0 = Debug|x64
		{704F0E93-8689-4EF1-B568-99603C84103F}.Debug|x86.ActiveCfg = Debug|Win32
		{704F0E93-8689-4EF1-B568-99603C84103F}.Debug|x86.Build.0 = Debug|Win32
		{704F0E93-8689-4EF1-B568-99603C84103F}.Release|x64.ActiveCfg = Release|x64
		{704F0E93-8689-4EF1-B568-99603C84103F}.Release|x64.Build.0 = Release|x64
		{704F0E93-8689-4EF1-B568-99603C84103F}.Release|x86.ActiveCfg = Release|Win32
		{704F0E93-8689-4EF1-B568-99603C84103F}.Release|x86.Build.0 = Release|Win32
		{1BFF5907-8A31-4AA8-B444-A0A657A5AA3D}.Debug|x64.ActiveCfg = Debug|x64
		{1BFF5907-8A31-4AA8-B444-A0A657A5AA3D}.Debug|x64.Build.0 = Debug|x64
		{1BFF5907-8A31-4AA8-B444-A0A657A5AA3D}.Debug|x86.ActiveCfg = Debug|Win32
		{1BFF5907-8A31-4AA8-B444-A0A657A5AA3D}.Debug|x86.Build.0 = Debug|Win32
		{1BFF5907-8A31-4AA8-B444-A0A657A5AA3D}.Release|x64.ActiveCfg = Release|x64
		{1BFF5907-8A31-4AA8-B444-A0A657A5AA3D}.Release|x64.Build.0 = Release|x64
		{1BFF5907-8A31-4AA8-B444-A0A657A5AA3D}.Release|x86.ActiveCfg = Release|Win32
		{1BFF5907-8A31-4AA8-B444-A0A657A5AA3D}.Release|x86.Build.0 = Release|Win32
		{31746F52-A9E1-4FBB-A5F0-486A3F4402E2}.Debug|x64.ActiveCfg = Debug|x64
		{31746F52-A9E1-4FBB-A5F0-486A3F4402E2}.Debug|x64.Build.0 = Debug|x64
		{31746F52-A9E1-4FBB-A5F0-486A3F4402E2}.Debug|x86.ActiveCfg = Debug|Win32
		{31746F52-A9E1-4FBB-A5F0-486A3F4402E2}.Debug|x86.Build.0 = Debug|Win32
		{31746F52-A9E1-4FBB-A5F0-486A3F4402E2}.Release|x64.ActiveCfg = Release|x64
		{31746F52-A9E1-4FBB-A5F0-486A3F4402E2}.Release|x64.Build.0 = Release|x64
		{31746F52-A9E1-4FBB-A5F0-486A3F4402E2}.Release|x86.ActiveCfg = Release|Win32
		{31746F52-A9E1-4FBB-A5F0-486A3F4402E2}.Release|x86.Build.0 = Release|Win32
		{99595DF6-C0A6-4828-928E-5939B0A02E7D}.Debug|x64.ActiveCfg = Debug|x64
		{99595DF6-C0A6-4828-928E-5939B0A02E7D}.Debug|x64.Build.0 = Debug|x64
		{99595DF6-C0A6-4828-928E-5939B0A02E7D}.Debug|x86.ActiveCfg = Debug|Win32
		{99595DF6-C0A6-4828-928E-5939B0A02E7D}.Debug|x86.Build.0 = Debug|Win32
		{99595DF6-C0A6-4828-928E-5939B0A02E7D}.Release|x64.ActiveCfg = Release|x64
		{99595DF6-C0A6-4828-928E-5939B0A02E7D}.Release|x64.Build.0 = Release|x64
		{99595DF6-C0A6-4828-928E-5939B0A02E7D}.Release|x86.ActiveCfg = Release|Win32
		{99595DF6-C0A6-4828-928E-5939B0A02E7D}.Release|x86.Build.0 = Release|Win32
		{BE077B81-3767-47C0-A46F-0D4EAEA0263D}.Debug|x64.ActiveCfg = Debug|x64
		{BE077B81-3767-47C0-A46F-0D4EAEA0263D}.Debug|x64.Build.0 = Debug|x64
		{BE077B81-3767-47C0-A46F-0D4EAEA0263D}.Debug|x86.ActiveCfg = Debug|Win32
		{BE077B81-3767-47C0-A46F-0D4EAEA0263D}.Debug|x86.Build.0 = Debug|Win32
		{BE077B81-3767-47C0-A46F-0D4EAEA0263D}.Release|x64.ActiveCfg = Release|x64
		{BE077B81-3767-47C0-A46F-0D4EAEA0263D}.Release|x64.Build.0 = Release|x64
		{BE077B81-3767-47C0-A46F-0D4EAEA0263D}.Release|x86.ActiveCfg = Release|Win32
		{BE077B81-3767-47C0-A46F-0D4EAEA0263D}.Release|x86.Build.0 = Release|Win32
		{2498DEBC-AB90-4DED-B20F-4DE84EA41CCA}.Debug|x64.ActiveCfg = Debug|x64
		{2498DEBC-AB90-4DED-B20F-4DE84EA41CCA}.Debug|x64.Build.0 = Debug|x64
		{2498DEBC-AB90-4DED-B20F-4DE84EA41CCA}.Debug|x86.ActiveCfg = Debug|Win32
		{2498DEBC-AB90-4DED-B20F-4DE84EA41CCA}.Debug|x86.Build.0 = Debug|Win32
		{2498DEBC-AB90-4DED-B20F-4DE84EA41CCA}.Release|x64.ActiveCfg = Release|x64
		{2498DEBC-AB90-4DED-B20F-4DE84EA41CCA}.Release|x64.Build.0 = Release|x64
		{2498DEBC-AB90-4DED-B20F-4DE84EA41CCA}.Release|x86.ActiveCfg = Release|Win32
		{2498DEBC-AB90-4DED-B20F-4DE84EA41CCA}.Release|x86.Build.0 = Release|Win32
		{7C7C15AE-7DDB-4CB1-A7E9-272DC505F18D}.Debug|x64.ActiveCfg = Debug|x64
		{7C7C15AE-7DDB-4CB1-A7E9-272DC505F18D}.Debug|x64.Build.0 = Debug|x64
		{7C7C15AE-7DDB-4CB1-A7E9-272DC505F18D}.Debug|x86.ActiveCfg = Debug|Win32
		{7C7C15AE-7DDB-4CB1-A7E9-272DC505F18D}.Debug|x86.Build.0 = Debug|Win32
		{7C7C15AE-7DDB-4CB1-A7E9-272DC505F18D}.Release|x64.ActiveCfg = Release|x64
		{7C7C15AE-7DDB-4CB1-A7E9-272DC505F18D}.Release|x64.Build.0 = Release|x64
		{7C7C15AE-7DDB-4CB1-A7E9-272DC505F18D}.Release|x86.ActiveCfg = Release|Win32
		{7C7C15AE-7DDB-4CB1-A7E9-272DC505F18D}.Release|x86.Build.0 = Release|Win32
		{23D18646-CC26-4D75-A9CC-6970C5F2FC7A}.Debug|x64.ActiveCfg = Debug|x64
		{23D18646-CC26-4D75-A9CC-6970C5F2FC7A}.Debug|x64.Build.0 = Debug|x64
		{23D18646-CC26-4D75-A9CC-6970C5F2FC7A}.Debug|x86.ActiveCfg = Debug|Win32
		{23D18646-CC26-4D75-A9CC-6970C5F2FC7A}.Debug|x86.Build.0 = Debug|Win32
		{23D18646-CC26-4D75-A9CC-6970C5F2FC7A}.Release|x64.ActiveCfg = Release|x64
		{23D18646-CC26-4D75-A9CC-6970C5F2FC7A}.Release|x64.Build.0 = Release|x64
		{23D18646-CC26-4D75-A9CC-6970C5F2FC7A}.Release|x86.ActiveCfg = Release|Win32
		{23D18646-CC26-4D75-A9CC-6970C5F2FC7A}.Release|x86.Build.0 = Release|Win32
		{8DBE7665-41A6-49C7-8607-12071645A49C}.Debug|x64.ActiveCfg = Debug|x64
		{8DBE7665-41A6-49C7-8607-12071645A49C}.Debug|x64.Build.0 = Debug|x64
		{8DBE7665-41A6-49C7-8607-12071645A49C}.Debug|x86.ActiveCfg = Debug|Win32
		{8DBE7665-41A6-49C7-8607-12071645A49C}.Debug|x86.Build.0 = Debug|Win32
		{8DBE7665-41A6-49C7-8607-12071645A49C}.Release|x64.ActiveCfg = Release|x64
		{8DBE7665-41A6-49C7-8607-12071645A49C}.Release|x64.Build.0 = Release|x64
		{8DBE7665-41A6-49C7-8607-12071645A49C}.Release|x86.ActiveCfg = Release|Win32
		{8DBE7665-41A6-49C7-8607-12071645A49C}.Release|x86.Build.0 = Release|Win32
		{799AED4B-5EA9-4F05-8194-02327335D77B}.Debug|x64.ActiveCfg = Debug|x64
		{799AED4B-5EA9-4F05-8194-02327335D77B}.Debug|x64.Build.0 = Debug|x64
		{799AED4B-5EA9-4F05-8194-02327335D77B}.Debug|x86.ActiveCfg = Debug|Win32
		{799AED4B-5EA9-4F05-8194-02327335D77B}.Debug|x86.Build.0 = Debug|Win32
		{799AED4B-5EA9-4F05-8194-02327335D77B}.Release|x64.ActiveCfg = Release|x64
		{799AED4B-5EA9-4F05-8194-02327335D77B}.Release|x64.Build.0 = Release|x64
		{799AED4B-5EA9-4F05-8194-02327335D77B}.Release|x86.ActiveCfg = Release|Win32
		{799AED4B-5EA9-4F05-8194-02327335D77B}.Release|x86.Build.0 = Release|Win32
		{42D98D57-0D21-49C4-826D-CAE136F5A748}.Debug|x64.ActiveCfg = Debug|x64
		{42D98D57-0D21-49C4-826D-CAE136F5A748}.Debug|x64.Build.0 = Debug|x64
		{42D98D57-0D21-49C4-826D-CAE136F5A748}.Debug|x86.ActiveCfg = Debug|Win32
		{42D98D57-0D21-49C4-826D-CAE136F5A748}.Debug|x86.Build.0 = Debug|Win32
		{42D98D57-0D21-49C4-826D-CAE136F5A748}.Release|x64.ActiveCfg = Release|x64
		{42D98D57-0D21-49C4-826D-CAE136F5A748}.Release|x64.Build.0 = Release|x64
		{42D98D57-0D21-49C4-826D-CAE136F5A748}.Release|x86.ActiveCfg = Release|Win32
		{42D98D57-0D21-49C4-826D-CAE136F5A748}.Release|x86.Build.0 = Release|Win32
		{535349ED-1986-49C2-868A-31B8C2A56C83}.Debug|x64.ActiveCfg = Debug|x64
		{535349ED-1986-49C2-868A-31B8C2A56C83}.Debug|x64.Build.0 = Debug|x64
		{535349ED-1986-49C2-868A-31B8C2A56C83}.Debug|x86.ActiveCfg = Debug|Win32
		{535349ED-1986-49C2-868A-31B8C2A56C83}.Debug|x86.Build.0 = Debug|Win32
		{535349ED-1986-49C2-868A-31B8C2A56C83}.Release|x64.ActiveCfg = Release|x64
		{535349ED-1986-49C2-868A-31B8C2A56C83}.Release|x64.Build.0 = Release|x64
		{535349ED-1986-49C2-868A-31B8C2A56C83}.Release|x86.ActiveCfg = Release|Win32
		{535349ED-1986-49C2-868A-31B8C2A56C83}.Release|x86.Build.0 = Release|Win32
		{CA016010-4D4C-4048-B6A6-BE5598640A2A}.Debug|x64.ActiveCfg = Debug|x64
		{CA016010-4D4C-4048-B6A6-BE5598640A2A}.Debug|x64.Build.0 = Debug|x64
		{CA016010-4D4C-4048-B6A6-BE5598640A2A}.Debug|x86.ActiveCfg = Debug|Win32
		{CA016010-4D4C-4048-B6A6-BE5598640A2A}.Debug|x86.Build.0 = Debug|Win32
		{CA016010-4D4C-4048-B6A6-BE5598640A2A}.Release|x64.ActiveCfg = Release|x64
		{CA016010-4D4C-4048-B6A6-BE5598640A2A}.Release|x64.Build.0 = Release|x64
		{CA016010-4D4C-4048-B6A6-BE5598640A2A}.Release|x86.ActiveCfg = Release|Win32
		{CA016010-4D4C-4048-B6A6-BE5598640A2A}.Release|x86.Build.0 = Release|Win32
		{3BA4CC95-C7F9-43E4-BA45-EB90614275F6}.Debug|x64.ActiveCfg = Debug|x64
		{3BA4CC95-C7F9-43E4-BA45-EB90614275F6}.Debug|x64.Build.0 = Debug|x64
		{3BA4CC95-C7F9-43E4-BA45-EB90614275F6}.Debug|x86.ActiveCfg = Debug|Win32
		{3BA4CC95-C7F9-43E4-BA45-EB90614275F6}.Debug|x86.Build.0 = Debug|Win32
		{3BA4CC95-C7F9-43E4-BA45-EB90614275F6}.Release|x64.ActiveCfg = Release|x64
		{3BA4CC95-C7F9-43E4-BA45-EB90614275F6}.Release|x64.Build.0 = Release|x64
		{3BA4CC95-C7F9-43E4-BA45-EB90614275F6}.Release|x86.ActiveCfg = Release|Win32
		{3BA4CC95-C7F9-43E4-BA45-EB90614275F6}.Release|x86.Build.0 = Release|Win32
		{B56A368D-79FC-4C2C-A191-E769785EB403}.Debug|x64.ActiveCfg = Debug|x64
		{B56A368D-79FC-4C2C-A191-E769785EB403}.Debug|x64.Build.0 = Debug|x64
		{B56A368D-79FC-4C2C-A191-E769785EB403}.Debug|x86.ActiveCfg = Debug|Win32
		{B56A368D-79FC-4C2C-A191-E769785EB403}.Debug|x86.Build.0 = Debug|Win32
		{B56A368D-79FC-4C2C-A191-E769785EB403}.Release|x64.ActiveCfg = Release|x64
		{B56A368D-79FC-4C2C-A191-E769785EB403}.Release|x64.Build.0 = Release|x64
		{B56A368D-79FC-4C2C-A191-E769785EB403}.Release|x86.ActiveCfg = Release|Win32
		{B56A368D-79FC-4C2C-A191-E769785EB403}.Release|x86.Build.0 = Release|Win32
		{96E7C976-601E-47F3-BD59-31A432B56F99}.Debug|x64.ActiveCfg = Debug|x64
		{96E7C976-601E-47F3-BD59-31A432B56F99}.Debug|x64.Build.0 = Debug|x64
		{96E7C976-601E-47F3-BD59-31A432B56F99}.Debug|x86.ActiveCfg = Debug|Win32
		{96E7C976-601E-47F3-BD59-31A432B56F99}.Debug|x86.Build.0 = Debug|Win32
		{96E7C976-601E-47F3-BD59-31A432B56F99}.Release|x64.ActiveCfg = Release|x64
		{96E7C976-601E-47F3-BD59-31A432B56F99}.Release|x64.Build.0 = Release|x64
		{96E7C976-601E-47F3-BD59-31A432B56F99}.Release|x86.ActiveCfg = Release|Win32
		{96E7C976-601E-47F3-BD59-31A432B56F99}.Release|x86.Build.0 = Release|Win32
		{5BE660A9-8781-4868-943E-5D931558ECD5}.Debug|x64.ActiveCfg = Debug|x64
		{5BE660A9-8781-4868-943E-5D931558ECD5}.Debug|x64.Build.0 = Debug|x64
		{5BE660A9-8781-4868-943E-5D931558ECD5}.Debug|x86.ActiveCfg = Debug|Win32
		{5BE660A9-8781-4868-943E-5D931558ECD5}.Debug|x86.Build.0 = Debug|Win32
		{5BE660A9-8781-4868-943E-5D931558ECD5}.Release|x64.ActiveCfg = Release|x64
		{5BE660A9-8781-4868-943E-5D931558ECD5}.Release|x64.Build.0 = Release|x64
		{5BE660A9-8781-4868-943E-5D931558ECD5}.Release|x86.ActiveCfg = Release|Win32
		{5BE660A9-8781-4868-943E-5D931558ECD5}.Release|x86.Build.0 = Release|Win32
		{2E0A6515-6669-4376-93A0-A11E601CED01}.Debug|x64.ActiveCfg = Debug|x64
		{2E0A6515-6669-4376-93A0-A11E601CED01}.Debug|x64.Build.0 = Debug|x64
		{2E0A6515-6669-4376-93A0-A11E601CED01}.Debug|x86.ActiveCfg = Debug|Win32
		{2E0A6515-6669-4376-93A0-A11E601CED01}.Debug|x86.Build.0 = Debug|Win32
		{2E0A6515-6669-4376-93A0-A11E601CED01}.Release|x64.ActiveCfg = Release|x64
		{2E0A6515-6669-4376-93A0-A11E601CED01}.Release|x64.Build.0 = Release|x64
		{2E0A6515-6669-4376-93A0-A11E601CED01}.Release|x86.ActiveCfg = Release|Win32
		{2E0A6515-6669-4376-93A0-A11E601CED01}.Release|x86.Build.0 = Release|Win32
		{212DD33C-8893-4797-A987-F6B4213702AE}.Debug|x64.ActiveCfg = Debug|x64
		{212DD33C-8893-4797-A987-F6B4213702AE}.Debug|x64.Build.0 = Debug|x64
		{212DD33C-8893-4797-A987-F6B4213702AE}.Debug|x86.ActiveCfg = Debug|Win32
		{212DD33C-8893-4797-A987-F6B4213702AE}.Debug|x86.Build.0 = Debug|Win32
		{212DD33C-8893-4797-A987-F6B4213702AE}.Release|x64.ActiveCfg = Release|x64
		{212DD33C-8893-4797-A987-F6B4213702AE}.Release|x64.Build.0 = Release|x64
		{212DD33C-8893-4797-A987-F6B4213702AE}.Release|x86.ActiveCfg = Release|Win32
		{212DD33C-8893-4797-A987-F6B4213702AE}.Release|x86.Build.0 = Release|Win32
		{331BED92-46DB-4661-B126-E2F492E831CC}.Debug|x64.ActiveCfg = Debug|x64
		{331BED92-46DB-4661-B126-E2F492E831CC}.Debug|x64.Build.0 = Debug|x64
		{331BED92-46DB-4661-B126-E2F492E831CC}.Debug|x86.ActiveCfg = Debug|Win32
		{331BED92-46DB-4661-B126-E2F492E831CC}.Debug|x86.Build.0 = Debug|Win32
		{331BED92-46DB-4661-B126-E2F492E831CC}.Release|x64.ActiveCfg = Release|x64
		{331BED92-46DB-4661-B126-E2F492E831CC}.Release|x64.Build.0 = Release|x64
		{331BED92-46DB-4661-B126-E2F492E831CC}.Release|x86.ActiveCfg = Release|Win32
		{331BED92-46DB-4661-B126-E2F492E831CC}.Release|x86.Build.0 = Release|Win32
		{361CDF4D-1274-4431-A2FD-2E3CD87139FF}.Debug|x64.ActiveCfg = Debug|x64
		{361CDF4D-1274-4431-A2FD-2E3CD87139FF}.Debug|x64.Build.0 = Debug|x64
		{361CDF4D-1274-4431-A2FD-2E3CD87139FF}.Debug|x86.ActiveCfg = Debug|Win32
		{361CDF4D-1274-4431-A2FD-2E3CD87139FF}.Debug|x86.Build.0 = Debug|Win32
		{361CDF4D-1274-4431-A2FD-2E3CD87139FF}.Release|x64.ActiveCfg = Release|x64
		{361CDF4D-1274-4431-A2FD-2E3CD87139FF}.Release|x64.Build.0 = Release|x64
		{361CDF4D-1274-4431-A2FD-2E3CD87139FF}.Release|x86.ActiveCfg = Release|Win32
		{361CDF4D-1274-4431-A2FD-2E3CD87139FF}.Release|x86.Build.0 = Release|Win32
		{DB816DE8-F92A-4F12-9454-AEA38C47AE00}.Debug|x64.ActiveCfg = Debug|x64
		{DB816DE8-F92A-4F12-9454-AEA38C47AE00}.Debug|x64.Build.0 = Debug|x64
		{DB816DE8-F92A-4F12-9454-AEA38C47AE00}.Debug|x86.ActiveCfg = Debug|Win32
		{DB816DE8-F92A-4F12-9454-AEA38C47AE00}.Debug|x86.Build.0 = Debug|Win32
		{DB816DE8-F92A-4F12-9454-AEA38C47AE00}.Release|x64.ActiveCfg = Release|x64
		{DB816DE8-F92A-4F12-9454-AEA38C47AE00}.Release|x64.Build.0 = Release|x64
		{DB816DE8-F92A-4F12-9454-AEA38C47AE00}.Release|x86.ActiveCfg = Release|Win32
		{DB816DE8-F92A-4F12-9454-AEA38C47AE00}.Release|x86.Build.0 = Release|Win32
	EndGlobalSection
	GlobalSection(SolutionProperties) = preSolution
		HideSolutionNode = FALSE
	EndGlobalSection
	GlobalSection(NestedProjects) = preSolution
		{BB7F11E9-0C05-40AD-A94B-A9C990A3FA1D} = {25A88954-FA9E-4981-8C7F-6F03EE4B52A5}
		{CC26AE8B-CA11-45EA-9F78-F56739449833} = {25A88954-FA9E-4981-8C7F-6F03EE4B52A5}
		{34CE8C1B-C81F-4E06-924F-93F430F44C40} = {25A88954-FA9E-4981-8C7F-6F03EE4B52A5}
		{8B683A8A-3D78-4887-8B60-D31C5E86808F} = {6F526F7C-3B5A-4E00-B638-00EFDE7FA8C0}
		{E79810A1-6117-455F-A6D8-BFD7EDC9688C} = {BAED33A6-A097-4745-8CC7-64FB59DAB3C9}
		{183671C1-11A6-4990-A590-9CAAA5DA87D8} = {BAED33A6-A097-4745-8CC7-64FB59DAB3C9}
		{D6C9CF07-E134-429C-AC3D-D4CDFA8FDB13} = {BAED33A6-A097-4745-8CC7-64FB59DAB3C9}
		{461B62B0-E993-4CD2-949D-EF1BB7564A7D} = {BAED33A6-A097-4745-8CC7-64FB59DAB3C9}
		{3C40E1E5-64B5-4520-A1B1-1A394168C853} = {BAED33A6-A097-4745-8CC7-64FB59DAB3C9}
		{1832A5AB-1589-4A04-9BE5-596852C5FA90} = {6F526F7C-3B5A-4E00-B638-00EFDE7FA8C0}
		{704F0E93-8689-4EF1-B568-99603C84103F} = {6F526F7C-3B5A-4E00-B638-00EFDE7FA8C0}
		{1BFF5907-8A31-4AA8-B444-A0A657A5AA3D} = {6F526F7C-3B5A-4E00-B638-00EFDE7FA8C0}
		{31746F52-A9E1-4FBB-A5F0-486A3F4402E2} = {6F526F7C-3B5A-4E00-B638-00EFDE7FA8C0}
		{6F526F7C-3B5A-4E00-B638-00EFDE7FA8C0} = {50D63647-91A9-400E-987B-B524308FD04F}
		{CF36E356-D87C-4595-8667-05F794FE7208} = {50D63647-91A9-400E-987B-B524308FD04F}
		{99595DF6-C0A6-4828-928E-5939B0A02E7D} = {CF36E356-D87C-4595-8667-05F794FE7208}
		{BE077B81-3767-47C0-A46F-0D4EAEA0263D} = {CF36E356-D87C-4595-8667-05F794FE7208}
		{2498DEBC-AB90-4DED-B20F-4DE84EA41CCA} = {CF36E356-D87C-4595-8667-05F794FE7208}
		{7C7C15AE-7DDB-4CB1-A7E9-272DC505F18D} = {CF36E356-D87C-4595-8667-05F794FE7208}
		{23D18646-CC26-4D75-A9CC-6970C5F2FC7A} = {CF36E356-D87C-4595-8667-05F794FE7208}
		{8DBE7665-41A6-49C7-8607-12071645A49C} = {86D70450-0FBF-4076-873E-9D3C69106F38}
		{86D70450-0FBF-4076-873E-9D3C69106F38} = {50D63647-91A9-400E-987B-B524308FD04F}
		{799AED4B-5EA9-4F05-8194-02327335D77B} = {86D70450-0FBF-4076-873E-9D3C69106F38}
		{42D98D57-0D21-49C4-826D-CAE136F5A748} = {86D70450-0FBF-4076-873E-9D3C69106F38}
		{535349ED-1986-49C2-868A-31B8C2A56C83} = {86D70450-0FBF-4076-873E-9D3C69106F38}
		{CA016010-4D4C-4048-B6A6-BE5598640A2A} = {50D63647-91A9-400E-987B-B524308FD04F}
		{3BA4CC95-C7F9-43E4-BA45-EB90614275F6} = {EA1DE888-5795-4852-A233-D5B4AA109A07}
		{B56A368D-79FC-4C2C-A191-E769785EB403} = {EA1DE888-5795-4852-A233-D5B4AA109A07}
		{DF1559B0-63C1-4317-A180-60B58AC54D59} = {EA1DE888-5795-4852-A233-D5B4AA109A07}
		{96E7C976-601E-47F3-BD59-31A432B56F99} = {DF1559B0-63C1-4317-A180-60B58AC54D59}
		{5BE660A9-8781-4868-943E-5D931558ECD5} = {DF1559B0-63C1-4317-A180-60B58AC54D59}
		{2E0A6515-6669-4376-93A0-A11E601CED01} = {DF1559B0-63C1-4317-A180-60B58AC54D59}
		{212DD33C-8893-4797-A987-F6B4213702AE} = {DF1559B0-63C1-4317-A180-60B58AC54D59}
		{876D925A-9382-4329-B961-9F5912A74868} = {EA1DE888-5795-4852-A233-D5B4AA109A07}
		{331BED92-46DB-4661-B126-E2F492E831CC} = {876D925A-9382-4329-B961-9F5912A74868}
		{361CDF4D-1274-4431-A2FD-2E3CD87139FF} = {876D925A-9382-4329-B961-9F5912A74868}
		{DB816DE8-F92A-4F12-9454-AEA38C47AE00} = {18D29583-EEAC-46E8-B9F1-A7221D9A410E}
	EndGlobalSection
	GlobalSection(ExtensibilityGlobals) = postSolution
		SolutionGuid = {318CA9D0-4111-4C91-AF18-9004672D316D}
	EndGlobalSection
EndGlobal
